
Microsoft Visual Studio Solution File, Format Version 12.00
# Visual Studio 15
VisualStudioVersion = 15.0.28010.2003
MinimumVisualStudioVersion = 10.0.40219.1
Project("{8BC9CEB8-8B4A-11D0-8D11-00A0C91BC942}") = "boundary_value_problem_shooting", "boundary_value_problem_shooting\boundary_value_problem_shooting.vcxproj", "{4298266B-7709-4AF3-AFC5-435673C47BDB}"
EndProject
Global
	GlobalSection(SolutionConfigurationPlatforms) = preSolution
		Debug|x64 = Debug|x64
		Debug|x86 = Debug|x86
		Release|x64 = Release|x64
		Release|x86 = Release|x86
	EndGlobalSection
	GlobalSection(ProjectConfigurationPlatforms) = postSolution
		{4298266B-7709-4AF3-AFC5-435673C47BDB}.Debug|x64.ActiveCfg = Debug|x64
		{4298266B-7709-4AF3-AFC5-435673C47BDB}.Debug|x64.Build.0 = Debug|x64
		{4298266B-7709-4AF3-AFC5-435673C47BDB}.Debug|x86.ActiveCfg = Debug|Win32
		{4298266B-7709-4AF3-AFC5-435673C47BDB}.Debug|x86.Build.0 = Debug|Win32
		{4298266B-7709-4AF3-AFC5-435673C47BDB}.Release|x64.ActiveCfg = Release|x64
		{4298266B-7709-4AF3-AFC5-435673C47BDB}.Release|x64.Build.0 = Release|x64
		{4298266B-7709-4AF3-AFC5-435673C47BDB}.Release|x86.ActiveCfg = Release|Win32
		{4298266B-7709-4AF3-AFC5-435673C47BDB}.Release|x86.Build.0 = Release|Win32
	EndGlobalSection
	GlobalSection(SolutionProperties) = preSolution
		HideSolutionNode = FALSE
	EndGlobalSection
	GlobalSection(ExtensibilityGlobals) = postSolution
		SolutionGuid = {890D1941-9812-4D26-A4B3-9312F68B567F}
	EndGlobalSection
EndGlobal
