
Microsoft Visual Studio Solution File, Format Version 12.00
# Visual Studio 15
VisualStudioVersion = 15.0.28010.2003
MinimumVisualStudioVersion = 10.0.40219.1
Project("{8BC9CEB8-8B4A-11D0-8D11-00A0C91BC942}") = "Number_method", "Number_method\Number_method.vcxproj", "{A508CFC2-89B0-467C-B7FF-2FF76F6A927F}"
EndProject
Global
	GlobalSection(SolutionConfigurationPlatforms) = preSolution
		Debug|x64 = Debug|x64
		Debug|x86 = Debug|x86
		Release|x64 = Release|x64
		Release|x86 = Release|x86
	EndGlobalSection
	GlobalSection(ProjectConfigurationPlatforms) = postSolution
		{A508CFC2-89B0-467C-B7FF-2FF76F6A927F}.Debug|x64.ActiveCfg = Debug|x64
		{A508CFC2-89B0-467C-B7FF-2FF76F6A927F}.Debug|x64.Build.0 = Debug|x64
		{A508CFC2-89B0-467C-B7FF-2FF76F6A927F}.Debug|x86.ActiveCfg = Debug|Win32
		{A508CFC2-89B0-467C-B7FF-2FF76F6A927F}.Debug|x86.Build.0 = Debug|Win32
		{A508CFC2-89B0-467C-B7FF-2FF76F6A927F}.Release|x64.ActiveCfg = Release|x64
		{A508CFC2-89B0-467C-B7FF-2FF76F6A927F}.Release|x64.Build.0 = Release|x64
		{A508CFC2-89B0-467C-B7FF-2FF76F6A927F}.Release|x86.ActiveCfg = Release|Win32
		{A508CFC2-89B0-467C-B7FF-2FF76F6A927F}.Release|x86.Build.0 = Release|Win32
	EndGlobalSection
	GlobalSection(SolutionProperties) = preSolution
		HideSolutionNode = FALSE
	EndGlobalSection
	GlobalSection(ExtensibilityGlobals) = postSolution
		SolutionGuid = {CA96F8CA-280C-4EDA-BEEC-5CF37E5CF94F}
	EndGlobalSection
EndGlobal
